
Microsoft Visual Studio Solution File, Format Version 12.00
# Visual Studio 14
VisualStudioVersion = 14.0.25420.1
MinimumVisualStudioVersion = 10.0.40219.1
Project("{FAE04EC0-301F-11D3-BF4B-00C04F79EFBC}") = "TeduShop.Common", "TeduShop.Common\TeduShop.Common.csproj", "{27888AC2-93CE-4091-A92A-34F1B0A31DB4}"
EndProject
Project("{FAE04EC0-301F-11D3-BF4B-00C04F79EFBC}") = "TeduShop.Data", "TeduShop.Data\TeduShop.Data.csproj", "{651C9375-AB95-4EFA-84CB-8F91475EA09B}"
EndProject
Project("{FAE04EC0-301F-11D3-BF4B-00C04F79EFBC}") = "TeduShop.Model", "TeduShop.Model\TeduShop.Model.csproj", "{4976162E-0E88-4098-9550-3C7EFC4ADE99}"
EndProject
Project("{FAE04EC0-301F-11D3-BF4B-00C04F79EFBC}") = "TeduShop.Service", "TeduShop.Service\TeduShop.Service.csproj", "{0CA88AC9-4265-4B07-A076-6D8B871A3D00}"
EndProject
Project("{FAE04EC0-301F-11D3-BF4B-00C04F79EFBC}") = "TeduShop.UnitTest", "TeduShop.UnitTest\TeduShop.UnitTest.csproj", "{CF1DC840-32AF-4AE4-81FB-9F4349798C92}"
EndProject
Project("{FAE04EC0-301F-11D3-BF4B-00C04F79EFBC}") = "TeduShop.Web", "TeduShop.Web\TeduShop.Web.csproj", "{6FEA0CEA-CE2F-4FAE-8EC5-7E749E81E665}"
EndProject
Global
	GlobalSection(SolutionConfigurationPlatforms) = preSolution
		Debug|Any CPU = Debug|Any CPU
		Release|Any CPU = Release|Any CPU
	EndGlobalSection
	GlobalSection(ProjectConfigurationPlatforms) = postSolution
		{27888AC2-93CE-4091-A92A-34F1B0A31DB4}.Debug|Any CPU.ActiveCfg = Debug|Any CPU
		{27888AC2-93CE-4091-A92A-34F1B0A31DB4}.Debug|Any CPU.Build.0 = Debug|Any CPU
		{27888AC2-93CE-4091-A92A-34F1B0A31DB4}.Release|Any CPU.ActiveCfg = Release|Any CPU
		{27888AC2-93CE-4091-A92A-34F1B0A31DB4}.Release|Any CPU.Build.0 = Release|Any CPU
		{651C9375-AB95-4EFA-84CB-8F91475EA09B}.Debug|Any CPU.ActiveCfg = Debug|Any CPU
		{651C9375-AB95-4EFA-84CB-8F91475EA09B}.Debug|Any CPU.Build.0 = Debug|Any CPU
		{651C9375-AB95-4EFA-84CB-8F91475EA09B}.Release|Any CPU.ActiveCfg = Release|Any CPU
		{651C9375-AB95-4EFA-84CB-8F91475EA09B}.Release|Any CPU.Build.0 = Release|Any CPU
		{4976162E-0E88-4098-9550-3C7EFC4ADE99}.Debug|Any CPU.ActiveCfg = Debug|Any CPU
		{4976162E-0E88-4098-9550-3C7EFC4ADE99}.Debug|Any CPU.Build.0 = Debug|Any CPU
		{4976162E-0E88-4098-9550-3C7EFC4ADE99}.Release|Any CPU.ActiveCfg = Release|Any CPU
		{4976162E-0E88-4098-9550-3C7EFC4ADE99}.Release|Any CPU.Build.0 = Release|Any CPU
		{0CA88AC9-4265-4B07-A076-6D8B871A3D00}.Debug|Any CPU.ActiveCfg = Debug|Any CPU
		{0CA88AC9-4265-4B07-A076-6D8B871A3D00}.Debug|Any CPU.Build.0 = Debug|Any CPU
		{0CA88AC9-4265-4B07-A076-6D8B871A3D00}.Release|Any CPU.ActiveCfg = Release|Any CPU
		{0CA88AC9-4265-4B07-A076-6D8B871A3D00}.Release|Any CPU.Build.0 = Release|Any CPU
		{CF1DC840-32AF-4AE4-81FB-9F4349798C92}.Debug|Any CPU.ActiveCfg = Debug|Any CPU
		{CF1DC840-32AF-4AE4-81FB-9F4349798C92}.Debug|Any CPU.Build.0 = Debug|Any CPU
		{CF1DC840-32AF-4AE4-81FB-9F4349798C92}.Release|Any CPU.ActiveCfg = Release|Any CPU
		{CF1DC840-32AF-4AE4-81FB-9F4349798C92}.Release|Any CPU.Build.0 = Release|Any CPU
		{6FEA0CEA-CE2F-4FAE-8EC5-7E749E81E665}.Debug|Any CPU.ActiveCfg = Debug|Any CPU
		{6FEA0CEA-CE2F-4FAE-8EC5-7E749E81E665}.Debug|Any CPU.Build.0 = Debug|Any CPU
		{6FEA0CEA-CE2F-4FAE-8EC5-7E749E81E665}.Release|Any CPU.ActiveCfg = Release|Any CPU
		{6FEA0CEA-CE2F-4FAE-8EC5-7E749E81E665}.Release|Any CPU.Build.0 = Release|Any CPU
	EndGlobalSection
	GlobalSection(SolutionProperties) = preSolution
		HideSolutionNode = FALSE
	EndGlobalSection
EndGlobal
